
Microsoft Visual Studio Solution File, Format Version 12.00
# Visual Studio Version 17
VisualStudioVersion = 17.2.32616.157
MinimumVisualStudioVersion = 10.0.40219.1
Project("{FAE04EC0-301F-11D3-BF4B-00C04F79EFBC}") = "FizzBuzz-csharp", "FizzBuzz-csharp.csproj", "{0F3387B1-0C6B-4EAB-A377-3E1A822957CD}"
EndProject
Global
	GlobalSection(SolutionConfigurationPlatforms) = preSolution
		Debug|Any CPU = Debug|Any CPU
		Release|Any CPU = Release|Any CPU
	EndGlobalSection
	GlobalSection(ProjectConfigurationPlatforms) = postSolution
		{0F3387B1-0C6B-4EAB-A377-3E1A822957CD}.Debug|Any CPU.ActiveCfg = Debug|Any CPU
		{0F3387B1-0C6B-4EAB-A377-3E1A822957CD}.Debug|Any CPU.Build.0 = Debug|Any CPU
		{0F3387B1-0C6B-4EAB-A377-3E1A822957CD}.Release|Any CPU.ActiveCfg = Release|Any CPU
		{0F3387B1-0C6B-4EAB-A377-3E1A822957CD}.Release|Any CPU.Build.0 = Release|Any CPU
	EndGlobalSection
	GlobalSection(SolutionProperties) = preSolution
		HideSolutionNode = FALSE
	EndGlobalSection
	GlobalSection(ExtensibilityGlobals) = postSolution
		SolutionGuid = {2F56274C-59FC-44F9-BAB2-D7E6B87D636D}
	EndGlobalSection
EndGlobal
